// !$*UTF8*$!
{
	archiveVersion = 1;
	classes = {
	};
	objectVersion = 77;
	objects = {

/* Begin PBXBuildFile section */
		F68615782D2D29FD002018E6 /* FirebaseAuth in Frameworks */ = {isa = PBXBuildFile; productRef = F68615772D2D29FD002018E6 /* FirebaseAuth */; };
		F686157A2D2D29FD002018E6 /* FirebaseFirestore in Frameworks */ = {isa = PBXBuildFile; productRef = F68615792D2D29FD002018E6 /* FirebaseFirestore */; };
		F686157C2D2D29FD002018E6 /* FirebaseStorage in Frameworks */ = {isa = PBXBuildFile; productRef = F686157B2D2D29FD002018E6 /* FirebaseStorage */; };
/* End PBXBuildFile section */

/* Begin PBXContainerItemProxy section */
		F686155A2D2D285E002018E6 /* PBXContainerItemProxy */ = {
			isa = PBXContainerItemProxy;
			containerPortal = F68615412D2D285C002018E6 /* Project object */;
			proxyType = 1;
			remoteGlobalIDString = F68615482D2D285C002018E6;
			remoteInfo = Runny;
		};
		F68615642D2D285E002018E6 /* PBXContainerItemProxy */ = {
			isa = PBXContainerItemProxy;
			containerPortal = F68615412D2D285C002018E6 /* Project object */;
			proxyType = 1;
			remoteGlobalIDString = F68615482D2D285C002018E6;
			remoteInfo = Runny;
		};
/* End PBXContainerItemProxy section */

/* Begin PBXFileReference section */
		F68615492D2D285C002018E6 /* Runny.app */ = {isa = PBXFileReference; explicitFileType = wrapper.application; includeInIndex = 0; path = Runny.app; sourceTree = BUILT_PRODUCTS_DIR; };
		F68615592D2D285E002018E6 /* RunnyTests.xctest */ = {isa = PBXFileReference; explicitFileType = wrapper.cfbundle; includeInIndex = 0; path = RunnyTests.xctest; sourceTree = BUILT_PRODUCTS_DIR; };
		F68615632D2D285E002018E6 /* RunnyUITests.xctest */ = {isa = PBXFileReference; explicitFileType = wrapper.cfbundle; includeInIndex = 0; path = RunnyUITests.xctest; sourceTree = BUILT_PRODUCTS_DIR; };
/* End PBXFileReference section */

/* Begin PBXFileSystemSynchronizedBuildFileExceptionSet section */
		F654C77D2D30FA2600F47652 /* Exceptions for "Runny" folder in "Runny" target */ = {
			isa = PBXFileSystemSynchronizedBuildFileExceptionSet;
			membershipExceptions = (
				"Info /Info.plist",
			);
			target = F68615482D2D285C002018E6 /* Runny */;
		};
/* End PBXFileSystemSynchronizedBuildFileExceptionSet section */

/* Begin PBXFileSystemSynchronizedRootGroup section */
		F686154B2D2D285C002018E6 /* Runny */ = {
			isa = PBXFileSystemSynchronizedRootGroup;
			exceptions = (
				F654C77D2D30FA2600F47652 /* Exceptions for "Runny" folder in "Runny" target */,
			);
			path = Runny;
			sourceTree = "<group>";
		};
		F686155C2D2D285E002018E6 /* RunnyTests */ = {
			isa = PBXFileSystemSynchronizedRootGroup;
			path = RunnyTests;
			sourceTree = "<group>";
		};
		F68615662D2D285E002018E6 /* RunnyUITests */ = {
			isa = PBXFileSystemSynchronizedRootGroup;
			path = RunnyUITests;
			sourceTree = "<group>";
		};
/* End PBXFileSystemSynchronizedRootGroup section */

/* Begin PBXFrameworksBuildPhase section */
		F68615462D2D285C002018E6 /* Frameworks */ = {
			isa = PBXFrameworksBuildPhase;
			buildActionMask = 2147483647;
			files = (
				F68615782D2D29FD002018E6 /* FirebaseAuth in Frameworks */,
				F686157A2D2D29FD002018E6 /* FirebaseFirestore in Frameworks */,
				F686157C2D2D29FD002018E6 /* FirebaseStorage in Frameworks */,
			);
			runOnlyForDeploymentPostprocessing = 0;
		};
		F68615562D2D285E002018E6 /* Frameworks */ = {
			isa = PBXFrameworksBuildPhase;
			buildActionMask = 2147483647;
			files = (
			);
			runOnlyForDeploymentPostprocessing = 0;
		};
		F68615602D2D285E002018E6 /* Frameworks */ = {
			isa = PBXFrameworksBuildPhase;
			buildActionMask = 2147483647;
			files = (
			);
			runOnlyForDeploymentPostprocessing = 0;
		};
/* End PBXFrameworksBuildPhase section */

/* Begin PBXGroup section */
		F68615402D2D285C002018E6 = {
			isa = PBXGroup;
			children = (
				F686154B2D2D285C002018E6 /* Runny */,
				F686155C2D2D285E002018E6 /* RunnyTests */,
				F68615662D2D285E002018E6 /* RunnyUITests */,
				F686154A2D2D285C002018E6 /* Products */,
			);
			sourceTree = "<group>";
		};
		F686154A2D2D285C002018E6 /* Products */ = {
			isa = PBXGroup;
			children = (
				F68615492D2D285C002018E6 /* Runny.app */,
				F68615592D2D285E002018E6 /* RunnyTests.xctest */,
				F68615632D2D285E002018E6 /* RunnyUITests.xctest */,
			);
			name = Products;
			sourceTree = "<group>";
		};
/* End PBXGroup section */

/* Begin PBXNativeTarget section */
		F68615482D2D285C002018E6 /* Runny */ = {
			isa = PBXNativeTarget;
			buildConfigurationList = F686156D2D2D285E002018E6 /* Build configuration list for PBXNativeTarget "Runny" */;
			buildPhases = (
				F68615452D2D285C002018E6 /* Sources */,
				F68615462D2D285C002018E6 /* Frameworks */,
				F68615472D2D285C002018E6 /* Resources */,
			);
			buildRules = (
			);
			dependencies = (
			);
			fileSystemSynchronizedGroups = (
				F686154B2D2D285C002018E6 /* Runny */,
			);
			name = Runny;
			packageProductDependencies = (
				F68615772D2D29FD002018E6 /* FirebaseAuth */,
				F68615792D2D29FD002018E6 /* FirebaseFirestore */,
				F686157B2D2D29FD002018E6 /* FirebaseStorage */,
			);
			productName = Runny;
			productReference = F68615492D2D285C002018E6 /* Runny.app */;
			productType = "com.apple.product-type.application";
		};
		F68615582D2D285E002018E6 /* RunnyTests */ = {
			isa = PBXNativeTarget;
			buildConfigurationList = F68615702D2D285E002018E6 /* Build configuration list for PBXNativeTarget "RunnyTests" */;
			buildPhases = (
				F68615552D2D285E002018E6 /* Sources */,
				F68615562D2D285E002018E6 /* Frameworks */,
				F68615572D2D285E002018E6 /* Resources */,
			);
			buildRules = (
			);
			dependencies = (
				F686155B2D2D285E002018E6 /* PBXTargetDependency */,
			);
			fileSystemSynchronizedGroups = (
				F686155C2D2D285E002018E6 /* RunnyTests */,
			);
			name = RunnyTests;
			packageProductDependencies = (
			);
			productName = RunnyTests;
			productReference = F68615592D2D285E002018E6 /* RunnyTests.xctest */;
			productType = "com.apple.product-type.bundle.unit-test";
		};
		F68615622D2D285E002018E6 /* RunnyUITests */ = {
			isa = PBXNativeTarget;
			buildConfigurationList = F68615732D2D285E002018E6 /* Build configuration list for PBXNativeTarget "RunnyUITests" */;
			buildPhases = (
				F686155F2D2D285E002018E6 /* Sources */,
				F68615602D2D285E002018E6 /* Frameworks */,
				F68615612D2D285E002018E6 /* Resources */,
			);
			buildRules = (
			);
			dependencies = (
				F68615652D2D285E002018E6 /* PBXTargetDependency */,
			);
			fileSystemSynchronizedGroups = (
				F68615662D2D285E002018E6 /* RunnyUITests */,
			);
			name = RunnyUITests;
			packageProductDependencies = (
			);
			productName = RunnyUITests;
			productReference = F68615632D2D285E002018E6 /* RunnyUITests.xctest */;
			productType = "com.apple.product-type.bundle.ui-testing";
		};
/* End PBXNativeTarget section */

/* Begin PBXProject section */
		F68615412D2D285C002018E6 /* Project object */ = {
			isa = PBXProject;
			attributes = {
				BuildIndependentTargetsInParallel = 1;
				LastSwiftUpdateCheck = 1620;
				LastUpgradeCheck = 1620;
				TargetAttributes = {
					F68615482D2D285C002018E6 = {
						CreatedOnToolsVersion = 16.2;
					};
					F68615582D2D285E002018E6 = {
						CreatedOnToolsVersion = 16.2;
						TestTargetID = F68615482D2D285C002018E6;
					};
					F68615622D2D285E002018E6 = {
						CreatedOnToolsVersion = 16.2;
						TestTargetID = F68615482D2D285C002018E6;
					};
				};
			};
			buildConfigurationList = F68615442D2D285C002018E6 /* Build configuration list for PBXProject "Runny" */;
			developmentRegion = en;
			hasScannedForEncodings = 0;
			knownRegions = (
				en,
				Base,
				es,
			);
			mainGroup = F68615402D2D285C002018E6;
			minimizedProjectReferenceProxies = 1;
			packageReferences = (
				F68615762D2D29FD002018E6 /* XCRemoteSwiftPackageReference "firebase-ios-sdk" */,
				F66FDFB62D2FF0CA00376A46 /* XCRemoteSwiftPackageReference "SDWebImageSwiftUI" */,
			);
			preferredProjectObjectVersion = 77;
			productRefGroup = F686154A2D2D285C002018E6 /* Products */;
			projectDirPath = "";
			projectRoot = "";
			targets = (
				F68615482D2D285C002018E6 /* Runny */,
				F68615582D2D285E002018E6 /* RunnyTests */,
				F68615622D2D285E002018E6 /* RunnyUITests */,
			);
		};
/* End PBXProject section */

/* Begin PBXResourcesBuildPhase section */
		F68615472D2D285C002018E6 /* Resources */ = {
			isa = PBXResourcesBuildPhase;
			buildActionMask = 2147483647;
			files = (
			);
			runOnlyForDeploymentPostprocessing = 0;
		};
		F68615572D2D285E002018E6 /* Resources */ = {
			isa = PBXResourcesBuildPhase;
			buildActionMask = 2147483647;
			files = (
			);
			runOnlyForDeploymentPostprocessing = 0;
		};
		F68615612D2D285E002018E6 /* Resources */ = {
			isa = PBXResourcesBuildPhase;
			buildActionMask = 2147483647;
			files = (
			);
			runOnlyForDeploymentPostprocessing = 0;
		};
/* End PBXResourcesBuildPhase section */

/* Begin PBXSourcesBuildPhase section */
		F68615452D2D285C002018E6 /* Sources */ = {
			isa = PBXSourcesBuildPhase;
			buildActionMask = 2147483647;
			files = (
			);
			runOnlyForDeploymentPostprocessing = 0;
		};
		F68615552D2D285E002018E6 /* Sources */ = {
			isa = PBXSourcesBuildPhase;
			buildActionMask = 2147483647;
			files = (
			);
			runOnlyForDeploymentPostprocessing = 0;
		};
		F686155F2D2D285E002018E6 /* Sources */ = {
			isa = PBXSourcesBuildPhase;
			buildActionMask = 2147483647;
			files = (
			);
			runOnlyForDeploymentPostprocessing = 0;
		};
/* End PBXSourcesBuildPhase section */

/* Begin PBXTargetDependency section */
		F686155B2D2D285E002018E6 /* PBXTargetDependency */ = {
			isa = PBXTargetDependency;
			target = F68615482D2D285C002018E6 /* Runny */;
			targetProxy = F686155A2D2D285E002018E6 /* PBXContainerItemProxy */;
		};
		F68615652D2D285E002018E6 /* PBXTargetDependency */ = {
			isa = PBXTargetDependency;
			target = F68615482D2D285C002018E6 /* Runny */;
			targetProxy = F68615642D2D285E002018E6 /* PBXContainerItemProxy */;
		};
/* End PBXTargetDependency section */

/* Begin XCBuildConfiguration section */
		F686156B2D2D285E002018E6 /* Debug */ = {
			isa = XCBuildConfiguration;
			buildSettings = {
				ALWAYS_SEARCH_USER_PATHS = NO;
				ASSETCATALOG_COMPILER_GENERATE_SWIFT_ASSET_SYMBOL_EXTENSIONS = YES;
				CLANG_ANALYZER_NONNULL = YES;
				CLANG_ANALYZER_NUMBER_OBJECT_CONVERSION = YES_AGGRESSIVE;
				CLANG_CXX_LANGUAGE_STANDARD = "gnu++20";
				CLANG_ENABLE_MODULES = YES;
				CLANG_ENABLE_OBJC_ARC = YES;
				CLANG_ENABLE_OBJC_WEAK = YES;
				CLANG_WARN_BLOCK_CAPTURE_AUTORELEASING = YES;
				CLANG_WARN_BOOL_CONVERSION = YES;
				CLANG_WARN_COMMA = YES;
				CLANG_WARN_CONSTANT_CONVERSION = YES;
				CLANG_WARN_DEPRECATED_OBJC_IMPLEMENTATIONS = YES;
				CLANG_WARN_DIRECT_OBJC_ISA_USAGE = YES_ERROR;
				CLANG_WARN_DOCUMENTATION_COMMENTS = YES;
				CLANG_WARN_EMPTY_BODY = YES;
				CLANG_WARN_ENUM_CONVERSION = YES;
				CLANG_WARN_INFINITE_RECURSION = YES;
				CLANG_WARN_INT_CONVERSION = YES;
				CLANG_WARN_NON_LITERAL_NULL_CONVERSION = YES;
				CLANG_WARN_OBJC_IMPLICIT_RETAIN_SELF = YES;
				CLANG_WARN_OBJC_LITERAL_CONVERSION = YES;
				CLANG_WARN_OBJC_ROOT_CLASS = YES_ERROR;
				CLANG_WARN_QUOTED_INCLUDE_IN_FRAMEWORK_HEADER = YES;
				CLANG_WARN_RANGE_LOOP_ANALYSIS = YES;
				CLANG_WARN_STRICT_PROTOTYPES = YES;
				CLANG_WARN_SUSPICIOUS_MOVE = YES;
				CLANG_WARN_UNGUARDED_AVAILABILITY = YES_AGGRESSIVE;
				CLANG_WARN_UNREACHABLE_CODE = YES;
				CLANG_WARN__DUPLICATE_METHOD_MATCH = YES;
				COPY_PHASE_STRIP = NO;
				DEBUG_INFORMATION_FORMAT = dwarf;
				ENABLE_STRICT_OBJC_MSGSEND = YES;
				ENABLE_TESTABILITY = YES;
				ENABLE_USER_SCRIPT_SANDBOXING = YES;
				GCC_C_LANGUAGE_STANDARD = gnu17;
				GCC_DYNAMIC_NO_PIC = NO;
				GCC_NO_COMMON_BLOCKS = YES;
				GCC_OPTIMIZATION_LEVEL = 0;
				GCC_PREPROCESSOR_DEFINITIONS = (
					"DEBUG=1",
					"$(inherited)",
				);
				GCC_WARN_64_TO_32_BIT_CONVERSION = YES;
				GCC_WARN_ABOUT_RETURN_TYPE = YES_ERROR;
				GCC_WARN_UNDECLARED_SELECTOR = YES;
				GCC_WARN_UNINITIALIZED_AUTOS = YES_AGGRESSIVE;
				GCC_WARN_UNUSED_FUNCTION = YES;
				GCC_WARN_UNUSED_VARIABLE = YES;
				IPHONEOS_DEPLOYMENT_TARGET = 18.2;
				LOCALIZATION_PREFERS_STRING_CATALOGS = YES;
				MTL_ENABLE_DEBUG_INFO = INCLUDE_SOURCE;
				MTL_FAST_MATH = YES;
				ONLY_ACTIVE_ARCH = YES;
				SDKROOT = iphoneos;
				SWIFT_ACTIVE_COMPILATION_CONDITIONS = "DEBUG $(inherited)";
				SWIFT_OPTIMIZATION_LEVEL = "-Onone";
			};
			name = Debug;
		};
		F686156C2D2D285E002018E6 /* Release */ = {
			isa = XCBuildConfiguration;
			buildSettings = {
				ALWAYS_SEARCH_USER_PATHS = NO;
				ASSETCATALOG_COMPILER_GENERATE_SWIFT_ASSET_SYMBOL_EXTENSIONS = YES;
				CLANG_ANALYZER_NONNULL = YES;
				CLANG_ANALYZER_NUMBER_OBJECT_CONVERSION = YES_AGGRESSIVE;
				CLANG_CXX_LANGUAGE_STANDARD = "gnu++20";
				CLANG_ENABLE_MODULES = YES;
				CLANG_ENABLE_OBJC_ARC = YES;
				CLANG_ENABLE_OBJC_WEAK = YES;
				CLANG_WARN_BLOCK_CAPTURE_AUTORELEASING = YES;
				CLANG_WARN_BOOL_CONVERSION = YES;
				CLANG_WARN_COMMA = YES;
				CLANG_WARN_CONSTANT_CONVERSION = YES;
				CLANG_WARN_DEPRECATED_OBJC_IMPLEMENTATIONS = YES;
				CLANG_WARN_DIRECT_OBJC_ISA_USAGE = YES_ERROR;
				CLANG_WARN_DOCUMENTATION_COMMENTS = YES;
				CLANG_WARN_EMPTY_BODY = YES;
				CLANG_WARN_ENUM_CONVERSION = YES;
				CLANG_WARN_INFINITE_RECURSION = YES;
				CLANG_WARN_INT_CONVERSION = YES;
				CLANG_WARN_NON_LITERAL_NULL_CONVERSION = YES;
				CLANG_WARN_OBJC_IMPLICIT_RETAIN_SELF = YES;
				CLANG_WARN_OBJC_LITERAL_CONVERSION = YES;
				CLANG_WARN_OBJC_ROOT_CLASS = YES_ERROR;
				CLANG_WARN_QUOTED_INCLUDE_IN_FRAMEWORK_HEADER = YES;
				CLANG_WARN_RANGE_LOOP_ANALYSIS = YES;
				CLANG_WARN_STRICT_PROTOTYPES = YES;
				CLANG_WARN_SUSPICIOUS_MOVE = YES;
				CLANG_WARN_UNGUARDED_AVAILABILITY = YES_AGGRESSIVE;
				CLANG_WARN_UNREACHABLE_CODE = YES;
				CLANG_WARN__DUPLICATE_METHOD_MATCH = YES;
				COPY_PHASE_STRIP = NO;
				DEBUG_INFORMATION_FORMAT = "dwarf-with-dsym";
				ENABLE_NS_ASSERTIONS = NO;
				ENABLE_STRICT_OBJC_MSGSEND = YES;
				ENABLE_USER_SCRIPT_SANDBOXING = YES;
				GCC_C_LANGUAGE_STANDARD = gnu17;
				GCC_NO_COMMON_BLOCKS = YES;
				GCC_WARN_64_TO_32_BIT_CONVERSION = YES;
				GCC_WARN_ABOUT_RETURN_TYPE = YES_ERROR;
				GCC_WARN_UNDECLARED_SELECTOR = YES;
				GCC_WARN_UNINITIALIZED_AUTOS = YES_AGGRESSIVE;
				GCC_WARN_UNUSED_FUNCTION = YES;
				GCC_WARN_UNUSED_VARIABLE = YES;
				IPHONEOS_DEPLOYMENT_TARGET = 18.2;
				LOCALIZATION_PREFERS_STRING_CATALOGS = YES;
				MTL_ENABLE_DEBUG_INFO = NO;
				MTL_FAST_MATH = YES;
				SDKROOT = iphoneos;
				SWIFT_COMPILATION_MODE = wholemodule;
				VALIDATE_PRODUCT = YES;
			};
			name = Release;
		};
		F686156E2D2D285E002018E6 /* Debug */ = {
			isa = XCBuildConfiguration;
			buildSettings = {
				ASSETCATALOG_COMPILER_APPICON_NAME = AppIcon;
				ASSETCATALOG_COMPILER_GLOBAL_ACCENT_COLOR_NAME = AccentColor;
				CODE_SIGN_STYLE = Automatic;
				CURRENT_PROJECT_VERSION = 1;
				DEVELOPMENT_ASSET_PATHS = "\"Runny/Preview Content\"";
				DEVELOPMENT_TEAM = 8A35557Z5A;
				ENABLE_PREVIEWS = YES;
				GENERATE_INFOPLIST_FILE = YES;
				INFOPLIST_FILE = Runny/Info.plist;
				INFOPLIST_KEY_CFBundleDisplayName = Runova;
				INFOPLIST_KEY_LSApplicationCategoryType = "public.app-category.healthcare-fitness";
				INFOPLIST_KEY_UIApplicationSceneManifest_Generation = YES;
				INFOPLIST_KEY_UIApplicationSupportsIndirectInputEvents = YES;
				INFOPLIST_KEY_UILaunchScreen_Generation = YES;
				INFOPLIST_KEY_UISupportedInterfaceOrientations_iPad = "UIInterfaceOrientationPortrait UIInterfaceOrientationPortraitUpsideDown UIInterfaceOrientationLandscapeLeft UIInterfaceOrientationLandscapeRight";
				INFOPLIST_KEY_UISupportedInterfaceOrientations_iPhone = "UIInterfaceOrientationPortrait UIInterfaceOrientationLandscapeLeft UIInterfaceOrientationLandscapeRight";
				LD_RUNPATH_SEARCH_PATHS = (
					"$(inherited)",
					"@executable_path/Frameworks",
				);
				MARKETING_VERSION = 1.0;
				PRODUCT_BUNDLE_IDENTIFIER = com.app.Runny;
				PRODUCT_NAME = "$(TARGET_NAME)";
				SUPPORTED_PLATFORMS = "iphoneos iphonesimulator";
				SUPPORTS_MACCATALYST = NO;
				SUPPORTS_MAC_DESIGNED_FOR_IPHONE_IPAD = NO;
				SUPPORTS_XR_DESIGNED_FOR_IPHONE_IPAD = NO;
				SWIFT_EMIT_LOC_STRINGS = YES;
				SWIFT_VERSION = 5.0;
				TARGETED_DEVICE_FAMILY = 1;
			};
			name = Debug;
		};
		F686156F2D2D285E002018E6 /* Release */ = {
			isa = XCBuildConfiguration;
			buildSettings = {
				ASSETCATALOG_COMPILER_APPICON_NAME = AppIcon;
				ASSETCATALOG_COMPILER_GLOBAL_ACCENT_COLOR_NAME = AccentColor;
				CODE_SIGN_STYLE = Automatic;
				CURRENT_PROJECT_VERSION = 1;
				DEVELOPMENT_ASSET_PATHS = "\"Runny/Preview Content\"";
				DEVELOPMENT_TEAM = 8A35557Z5A;
				ENABLE_PREVIEWS = YES;
				GENERATE_INFOPLIST_FILE = YES;
				INFOPLIST_FILE = Runny/Info.plist;
				INFOPLIST_KEY_CFBundleDisplayName = Runova;
				INFOPLIST_KEY_LSApplicationCategoryType = "public.app-category.healthcare-fitness";
				INFOPLIST_KEY_UIApplicationSceneManifest_Generation = YES;
				INFOPLIST_KEY_UIApplicationSupportsIndirectInputEvents = YES;
				INFOPLIST_KEY_UILaunchScreen_Generation = YES;
				INFOPLIST_KEY_UISupportedInterfaceOrientations_iPad = "UIInterfaceOrientationPortrait UIInterfaceOrientationPortraitUpsideDown UIInterfaceOrientationLandscapeLeft UIInterfaceOrientationLandscapeRight";
				INFOPLIST_KEY_UISupportedInterfaceOrientations_iPhone = "UIInterfaceOrientationPortrait UIInterfaceOrientationLandscapeLeft UIInterfaceOrientationLandscapeRight";
				LD_RUNPATH_SEARCH_PATHS = (
					"$(inherited)",
					"@executable_path/Frameworks",
				);
				MARKETING_VERSION = 1.0;
				PRODUCT_BUNDLE_IDENTIFIER = com.app.Runny;
				PRODUCT_NAME = "$(TARGET_NAME)";
				SUPPORTED_PLATFORMS = "iphoneos iphonesimulator";
				SUPPORTS_MACCATALYST = NO;
				SUPPORTS_MAC_DESIGNED_FOR_IPHONE_IPAD = NO;
				SUPPORTS_XR_DESIGNED_FOR_IPHONE_IPAD = NO;
				SWIFT_EMIT_LOC_STRINGS = YES;
				SWIFT_VERSION = 5.0;
				TARGETED_DEVICE_FAMILY = 1;
			};
			name = Release;
		};
		F68615712D2D285E002018E6 /* Debug */ = {
			isa = XCBuildConfiguration;
			buildSettings = {
				BUNDLE_LOADER = "$(TEST_HOST)";
				CODE_SIGN_STYLE = Automatic;
				CURRENT_PROJECT_VERSION = 1;
				DEVELOPMENT_TEAM = 8A35557Z5A;
				GENERATE_INFOPLIST_FILE = YES;
				IPHONEOS_DEPLOYMENT_TARGET = 18.2;
				MARKETING_VERSION = 1.0;
				PRODUCT_BUNDLE_IDENTIFIER = com.app.RunnyTests;
				PRODUCT_NAME = "$(TARGET_NAME)";
				SWIFT_EMIT_LOC_STRINGS = NO;
				SWIFT_VERSION = 5.0;
				TARGETED_DEVICE_FAMILY = "1,2";
				TEST_HOST = "$(BUILT_PRODUCTS_DIR)/Runny.app/$(BUNDLE_EXECUTABLE_FOLDER_PATH)/Runny";
			};
			name = Debug;
		};
		F68615722D2D285E002018E6 /* Release */ = {
			isa = XCBuildConfiguration;
			buildSettings = {
				BUNDLE_LOADER = "$(TEST_HOST)";
				CODE_SIGN_STYLE = Automatic;
				CURRENT_PROJECT_VERSION = 1;
				DEVELOPMENT_TEAM = 8A35557Z5A;
				GENERATE_INFOPLIST_FILE = YES;
				IPHONEOS_DEPLOYMENT_TARGET = 18.2;
				MARKETING_VERSION = 1.0;
				PRODUCT_BUNDLE_IDENTIFIER = com.app.RunnyTests;
				PRODUCT_NAME = "$(TARGET_NAME)";
				SWIFT_EMIT_LOC_STRINGS = NO;
				SWIFT_VERSION = 5.0;
				TARGETED_DEVICE_FAMILY = "1,2";
				TEST_HOST = "$(BUILT_PRODUCTS_DIR)/Runny.app/$(BUNDLE_EXECUTABLE_FOLDER_PATH)/Runny";
			};
			name = Release;
		};
		F68615742D2D285E002018E6 /* Debug */ = {
			isa = XCBuildConfiguration;
			buildSettings = {
				CODE_SIGN_STYLE = Automatic;
				CURRENT_PROJECT_VERSION = 1;
				DEVELOPMENT_TEAM = 8A35557Z5A;
				GENERATE_INFOPLIST_FILE = YES;
				MARKETING_VERSION = 1.0;
				PRODUCT_BUNDLE_IDENTIFIER = com.app.RunnyUITests;
				PRODUCT_NAME = "$(TARGET_NAME)";
				SWIFT_EMIT_LOC_STRINGS = NO;
				SWIFT_VERSION = 5.0;
				TARGETED_DEVICE_FAMILY = "1,2";
				TEST_TARGET_NAME = Runny;
			};
			name = Debug;
		};
		F68615752D2D285E002018E6 /* Release */ = {
			isa = XCBuildConfiguration;
			buildSettings = {
				CODE_SIGN_STYLE = Automatic;
				CURRENT_PROJECT_VERSION = 1;
				DEVELOPMENT_TEAM = 8A35557Z5A;
				GENERATE_INFOPLIST_FILE = YES;
				MARKETING_VERSION = 1.0;
				PRODUCT_BUNDLE_IDENTIFIER = com.app.RunnyUITests;
				PRODUCT_NAME = "$(TARGET_NAME)";
				SWIFT_EMIT_LOC_STRINGS = NO;
				SWIFT_VERSION = 5.0;
				TARGETED_DEVICE_FAMILY = "1,2";
				TEST_TARGET_NAME = Runny;
			};
			name = Release;
		};
/* End XCBuildConfiguration section */

/* Begin XCConfigurationList section */
		F68615442D2D285C002018E6 /* Build configuration list for PBXProject "Runny" */ = {
			isa = XCConfigurationList;
			buildConfigurations = (
				F686156B2D2D285E002018E6 /* Debug */,
				F686156C2D2D285E002018E6 /* Release */,
			);
			defaultConfigurationIsVisible = 0;
			defaultConfigurationName = Release;
		};
		F686156D2D2D285E002018E6 /* Build configuration list for PBXNativeTarget "Runny" */ = {
			isa = XCConfigurationList;
			buildConfigurations = (
				F686156E2D2D285E002018E6 /* Debug */,
				F686156F2D2D285E002018E6 /* Release */,
			);
			defaultConfigurationIsVisible = 0;
			defaultConfigurationName = Release;
		};
		F68615702D2D285E002018E6 /* Build configuration list for PBXNativeTarget "RunnyTests" */ = {
			isa = XCConfigurationList;
			buildConfigurations = (
				F68615712D2D285E002018E6 /* Debug */,
				F68615722D2D285E002018E6 /* Release */,
			);
			defaultConfigurationIsVisible = 0;
			defaultConfigurationName = Release;
		};
		F68615732D2D285E002018E6 /* Build configuration list for PBXNativeTarget "RunnyUITests" */ = {
			isa = XCConfigurationList;
			buildConfigurations = (
				F68615742D2D285E002018E6 /* Debug */,
				F68615752D2D285E002018E6 /* Release */,
			);
			defaultConfigurationIsVisible = 0;
			defaultConfigurationName = Release;
		};
/* End XCConfigurationList section */

/* Begin XCRemoteSwiftPackageReference section */
		F66FDFB62D2FF0CA00376A46 /* XCRemoteSwiftPackageReference "SDWebImageSwiftUI" */ = {
			isa = XCRemoteSwiftPackageReference;
			repositoryURL = "https://github.com/SDWebImage/SDWebImageSwiftUI.git";
			requirement = {
				kind = upToNextMajorVersion;
				minimumVersion = 3.1.3;
			};
		};
		F68615762D2D29FD002018E6 /* XCRemoteSwiftPackageReference "firebase-ios-sdk" */ = {
			isa = XCRemoteSwiftPackageReference;
			repositoryURL = "https://github.com/firebase/firebase-ios-sdk";
			requirement = {
				kind = upToNextMajorVersion;
				minimumVersion = 11.6.0;
			};
		};
/* End XCRemoteSwiftPackageReference section */

/* Begin XCSwiftPackageProductDependency section */
		F68615772D2D29FD002018E6 /* FirebaseAuth */ = {
			isa = XCSwiftPackageProductDependency;
			package = F68615762D2D29FD002018E6 /* XCRemoteSwiftPackageReference "firebase-ios-sdk" */;
			productName = FirebaseAuth;
		};
		F68615792D2D29FD002018E6 /* FirebaseFirestore */ = {
			isa = XCSwiftPackageProductDependency;
			package = F68615762D2D29FD002018E6 /* XCRemoteSwiftPackageReference "firebase-ios-sdk" */;
			productName = FirebaseFirestore;
		};
		F686157B2D2D29FD002018E6 /* FirebaseStorage */ = {
			isa = XCSwiftPackageProductDependency;
			package = F68615762D2D29FD002018E6 /* XCRemoteSwiftPackageReference "firebase-ios-sdk" */;
			productName = FirebaseStorage;
		};
/* End XCSwiftPackageProductDependency section */
	};
	rootObject = F68615412D2D285C002018E6 /* Project object */;
}
